PODS:
  - AFNetworking (3.2.1):
    - AFNetworking/NSURLSession (= 3.2.1)
    - AFNetworking/Reachability (= 3.2.1)
    - AFNetworking/Security (= 3.2.1)
    - AFNetworking/Serialization (= 3.2.1)
    - AFNetworking/UIKit (= 3.2.1)
  - AFNetworking/NSURLSession (3.2.1):
    - AFNetworking/Reachability
    - AFNetworking/Security
    - AFNetworking/Serialization
  - AFNetworking/Reachability (3.2.1)
  - AFNetworking/Security (3.2.1)
  - AFNetworking/Serialization (3.2.1)
  - AFNetworking/UIKit (3.2.1):
    - AFNetworking/NSURLSession
  - Alamofire (4.9.0)
  - CocoaAsyncSocket (7.6.3)
  - Differentiator (4.0.1)
  - HandyJSON (5.0.0)
  - JSONModel (1.8.0)
  - MJRefresh (3.2.0)
  - ObjectMapper (3.5.1)
  - RxCocoa (5.0.0):
    - RxRelay (~> 5)
    - RxSwift (~> 5)
  - RxDataSources (4.0.1):
    - Differentiator (~> 4.0)
    - RxCocoa (~> 5.0)
    - RxSwift (~> 5.0)
  - RxRelay (5.0.0):
    - RxSwift (~> 5)
  - RxSwift (5.0.0)
  - SDCycleScrollView (1.80):
    - SDWebImage (>= 5.0.0)
  - SDWebImage (5.1.1):
    - SDWebImage/Core (= 5.1.1)
  - SDWebImage/Core (5.1.1)
  - SnapKit (4.2.0)
  - SwiftPopMenu (1.0.4)
  - ViewDeck (3.1.0)
  - ZXingObjC (3.6.5):
    - ZXingObjC/All (= 3.6.5)
  - ZXingObjC/All (3.6.5)

DEPENDENCIES:
  - AFNetworking
  - Alamofire
  - CocoaAsyncSocket
  - HandyJSON
  - JSONModel
  - MJRefresh
  - ObjectMapper
  - RxCocoa
  - RxDataSources
  - RxSwift
  - SDCycleScrollView
  - SDWebImage
  - SnapKit
  - SwiftPopMenu
  - ViewDeck
  - ZXingObjC (~> 3.0)

SPEC REPOS:
  https://github.com/cocoapods/specs.git:
    - AFNetworking
    - Alamofire
    - CocoaAsyncSocket
    - Differentiator
    - HandyJSON
    - JSONModel
    - MJRefresh
    - ObjectMapper
    - RxCocoa
    - RxDataSources
    - RxRelay
    - RxSwift
    - SDCycleScrollView
    - SDWebImage
    - SnapKit
    - SwiftPopMenu
    - ViewDeck
    - ZXingObjC

SPEC CHECKSUMS:
  AFNetworking: b6f891fdfaed196b46c7a83cf209e09697b94057
  Alamofire: afc3e7c6db61476cb45cdd23fed06bad03bbc321
  CocoaAsyncSocket: eafaa68a7e0ec99ead0a7b35015e0bf25d2c8987
  Differentiator: 886080237d9f87f322641dedbc5be257061b0602
  HandyJSON: 992f2d661716d6a91de82d0056927bc7813b5770
  JSONModel: 02ab723958366a3fd27da57ea2af2113658762e9
  MJRefresh: ed450d6eb9d3346a2cb033ab7eb6de090aeef437
  ObjectMapper: 70187b8941977c62ccfb423caf6b50be405cabf0
  RxCocoa: fcf32050ac00d801f34a7f71d5e8e7f23026dcd8
  RxDataSources: efee07fa4de48477eca0a4611e6d11e2da9c1114
  RxRelay: 4f7409406a51a55cd88483f21ed898c234d60f18
  RxSwift: 8b0671caa829a763bbce7271095859121cbd895f
  SDCycleScrollView: b3c9a5ed840c771c4938978174c7c9d9feefeb96
  SDWebImage: 96d7f03415ccb28d299d765f93557ff8a617abd8
  SnapKit: fe8a619752f3f27075cc9a90244d75c6c3f27e2a
  SwiftPopMenu: c9c70b928f7bb8c5804d2457e1db50359f231a25
  ViewDeck: 942d90dd23c9f97cc8038be352255378167edcca
  ZXingObjC: fdbb269f25dd2032da343e06f10224d62f537bdb

PODFILE CHECKSUM: 1bd449b48076da00951fb3ff965a4c0eab0163ac

COCOAPODS: 1.7.4
