PODS:
  - Alamofire (4.4.0)
  - JSONModel (1.7.0)
  - MJRefresh (3.1.12)
  - SDCycleScrollView (1.65):
    - SDWebImage (~> 3.7)
  - SDWebImage (3.8.2):
    - SDWebImage/Core (= 3.8.2)
  - SDWebImage/Core (3.8.2)
  - SwiftPopMenu (1.0.4)
  - ViewDeck (3.1.0)

DEPENDENCIES:
  - Alamofire
  - JSONModel
  - MJRefresh
  - SDCycleScrollView
  - SDWebImage
  - SwiftPopMenu
  - ViewDeck

SPEC CHECKSUMS:
  Alamofire: dc44b1600b800eb63da6a19039a0083d62a6a62d
  JSONModel: 840bc0fcffb24b8454d2c026bf26fea454b8e98d
  MJRefresh: b96cdb21c4aa75a7b07654311ab2f315c497e806
  SDCycleScrollView: f72904c77698a7f93a41bcbbc2d78b073bf7326c
  SDWebImage: 098e97e6176540799c27e804c96653ee0833d13c
  SwiftPopMenu: c9c70b928f7bb8c5804d2457e1db50359f231a25
  ViewDeck: 942d90dd23c9f97cc8038be352255378167edcca

PODFILE CHECKSUM: 443b86f7fd0b6348eec4d247aff155067af60233

COCOAPODS: 1.1.1
