// !$*UTF8*$!
{
	archiveVersion = 1;
	classes = {
	};
	objectVersion = 46;
	objects = {

/* Begin PBXBuildFile section */
		8F2E8261E422EEBF2BC125D6 /* Pods_TestSwift.framework in Frameworks */ = {isa = PBXBuildFile; fileRef = 49C18F83CD4971C56C3A3F50 /* Pods_TestSwift.framework */; };
		FA32A4011E80F64100171770 /* UDPClientViewController.swift in Sources */ = {isa = PBXBuildFile; fileRef = FA32A4001E80F64100171770 /* UDPClientViewController.swift */; };
		FA32A4031E8102DD00171770 /* test.jpeg in Resources */ = {isa = PBXBuildFile; fileRef = FA32A4021E8102DD00171770 /* test.jpeg */; };
		FA32A4091E82149800171770 /* 8k.png in Resources */ = {isa = PBXBuildFile; fileRef = FA32A4081E82149800171770 /* 8k.png */; };
		FA32A40B1E8214A700171770 /* 35k.png in Resources */ = {isa = PBXBuildFile; fileRef = FA32A40A1E8214A700171770 /* 35k.png */; };
		FA32A40E1E821D4A00171770 /* SnapKitViewController.swift in Sources */ = {isa = PBXBuildFile; fileRef = FA32A40D1E821D4A00171770 /* SnapKitViewController.swift */; };
		FA32A4101E82224400171770 /* SnapDetailViewController.swift in Sources */ = {isa = PBXBuildFile; fileRef = FA32A40F1E82224400171770 /* SnapDetailViewController.swift */; };
		FA3F270C1E4C32B700CAA270 /* AppDelegate.swift in Sources */ = {isa = PBXBuildFile; fileRef = FA3F270B1E4C32B700CAA270 /* AppDelegate.swift */; };
		FA3F270E1E4C32B700CAA270 /* ViewController.swift in Sources */ = {isa = PBXBuildFile; fileRef = FA3F270D1E4C32B700CAA270 /* ViewController.swift */; };
		FA3F27111E4C32B700CAA270 /* Main.storyboard in Resources */ = {isa = PBXBuildFile; fileRef = FA3F270F1E4C32B700CAA270 /* Main.storyboard */; };
		FA3F27131E4C32B700CAA270 /* Assets.xcassets in Resources */ = {isa = PBXBuildFile; fileRef = FA3F27121E4C32B700CAA270 /* Assets.xcassets */; };
		FA3F27161E4C32B700CAA270 /* LaunchScreen.storyboard in Resources */ = {isa = PBXBuildFile; fileRef = FA3F27141E4C32B700CAA270 /* LaunchScreen.storyboard */; };
		FA3F27211E4C32B700CAA270 /* TestSwiftUITests.swift in Sources */ = {isa = PBXBuildFile; fileRef = FA3F27201E4C32B700CAA270 /* TestSwiftUITests.swift */; };
		FA3F273A1E4C584900CAA270 /* MyLeftMenuViewController.swift in Sources */ = {isa = PBXBuildFile; fileRef = FA3F27391E4C584900CAA270 /* MyLeftMenuViewController.swift */; };
		FA3F273D1E4C588500CAA270 /* MyRightMenuViewController.swift in Sources */ = {isa = PBXBuildFile; fileRef = FA3F273B1E4C588500CAA270 /* MyRightMenuViewController.swift */; };
		FA3F27401E4C58F400CAA270 /* Constant.swift in Sources */ = {isa = PBXBuildFile; fileRef = FA3F273F1E4C58F400CAA270 /* Constant.swift */; };
		FA3F27441E4C591700CAA270 /* PoPMenuViewController.swift in Sources */ = {isa = PBXBuildFile; fileRef = FA3F27431E4C591700CAA270 /* PoPMenuViewController.swift */; };
		FA3F27471E4C592700CAA270 /* CGContextView.swift in Sources */ = {isa = PBXBuildFile; fileRef = FA3F27451E4C592700CAA270 /* CGContextView.swift */; };
		FA3F27481E4C592700CAA270 /* CGContextVC.swift in Sources */ = {isa = PBXBuildFile; fileRef = FA3F27461E4C592700CAA270 /* CGContextVC.swift */; };
		FA3F274A1E4C593700CAA270 /* AnimationTextVC.swift in Sources */ = {isa = PBXBuildFile; fileRef = FA3F27491E4C593700CAA270 /* AnimationTextVC.swift */; };
		FA3F274F1E4C594200CAA270 /* GifView.m in Sources */ = {isa = PBXBuildFile; fileRef = FA3F274C1E4C594200CAA270 /* GifView.m */; };
		FA3F27501E4C594200CAA270 /* 1533461388039947.gif in Resources */ = {isa = PBXBuildFile; fileRef = FA3F274D1E4C594200CAA270 /* 1533461388039947.gif */; };
		FA3F27511E4C594200CAA270 /* PlayGifVC.swift in Sources */ = {isa = PBXBuildFile; fileRef = FA3F274E1E4C594200CAA270 /* PlayGifVC.swift */; };
		FA3F27531E4C594900CAA270 /* CycleBannerViewController.swift in Sources */ = {isa = PBXBuildFile; fileRef = FA3F27521E4C594900CAA270 /* CycleBannerViewController.swift */; };
		FA3F27551E4C595300CAA270 /* PictureBrowsingViewController.swift in Sources */ = {isa = PBXBuildFile; fileRef = FA3F27541E4C595300CAA270 /* PictureBrowsingViewController.swift */; };
		FA3F27571E4C595A00CAA270 /* CornerRadiusViewController.swift in Sources */ = {isa = PBXBuildFile; fileRef = FA3F27561E4C595A00CAA270 /* CornerRadiusViewController.swift */; };
		FA3F275B1E4C59A100CAA270 /* DYMainViewController.swift in Sources */ = {isa = PBXBuildFile; fileRef = FA3F27591E4C59A100CAA270 /* DYMainViewController.swift */; };
		FA3F275C1E4C59A100CAA270 /* DYDefine.swift in Sources */ = {isa = PBXBuildFile; fileRef = FA3F275A1E4C59A100CAA270 /* DYDefine.swift */; };
		FA3F275F1E4C59F200CAA270 /* DYHomeViewController.swift in Sources */ = {isa = PBXBuildFile; fileRef = FA3F275E1E4C59F200CAA270 /* DYHomeViewController.swift */; };
		FA3F276D1E4C641500CAA270 /* HZPhotoBrowser.m in Sources */ = {isa = PBXBuildFile; fileRef = FA3F27621E4C641500CAA270 /* HZPhotoBrowser.m */; };
		FA3F276E1E4C641500CAA270 /* HZPhotoBrowserView.m in Sources */ = {isa = PBXBuildFile; fileRef = FA3F27651E4C641500CAA270 /* HZPhotoBrowserView.m */; };
		FA3F276F1E4C641500CAA270 /* HZPhotoGroup.m in Sources */ = {isa = PBXBuildFile; fileRef = FA3F27671E4C641500CAA270 /* HZPhotoGroup.m */; };
		FA3F27701E4C641500CAA270 /* HZPhotoItem.m in Sources */ = {isa = PBXBuildFile; fileRef = FA3F27691E4C641500CAA270 /* HZPhotoItem.m */; };
		FA3F27711E4C641500CAA270 /* HZWaitingView.m in Sources */ = {isa = PBXBuildFile; fileRef = FA3F276B1E4C641500CAA270 /* HZWaitingView.m */; };
		FA3F27721E4C641500CAA270 /* whiteplaceholder.png in Resources */ = {isa = PBXBuildFile; fileRef = FA3F276C1E4C641500CAA270 /* whiteplaceholder.png */; };
		FA3F27781E4C644B00CAA270 /* BSCycleTextView.m in Sources */ = {isa = PBXBuildFile; fileRef = FA3F27751E4C644B00CAA270 /* BSCycleTextView.m */; };
		FA3F27791E4C644B00CAA270 /* NSString+BSExt.m in Sources */ = {isa = PBXBuildFile; fileRef = FA3F27771E4C644B00CAA270 /* NSString+BSExt.m */; };
		FA55EEC21E76863700684131 /* QRCodeShowInfoView.swift in Sources */ = {isa = PBXBuildFile; fileRef = FA55EEC11E76863700684131 /* QRCodeShowInfoView.swift */; };
		FA55EEC41E76887900684131 /* UIColorExtension.swift in Sources */ = {isa = PBXBuildFile; fileRef = FA55EEC31E76887900684131 /* UIColorExtension.swift */; };
		FA6327111E6FB1FA009F1CE7 /* ScrollViewController.swift in Sources */ = {isa = PBXBuildFile; fileRef = FA6327101E6FB1FA009F1CE7 /* ScrollViewController.swift */; };
		FA6EF8981E766C0400B92597 /* Icon_SaoLine@2x.png in Resources */ = {isa = PBXBuildFile; fileRef = FA6EF8941E766C0400B92597 /* Icon_SaoLine@2x.png */; };
		FA6EF8991E766C0400B92597 /* Icon_SaoLineOn@2x.png in Resources */ = {isa = PBXBuildFile; fileRef = FA6EF8951E766C0400B92597 /* Icon_SaoLineOn@2x.png */; };
		FA6EF89A1E766C0400B92597 /* Icon_SaoYiSao@2x.png in Resources */ = {isa = PBXBuildFile; fileRef = FA6EF8961E766C0400B92597 /* Icon_SaoYiSao@2x.png */; };
		FA6EF89C1E766C0D00B92597 /* QRCodeRead.wav in Resources */ = {isa = PBXBuildFile; fileRef = FA6EF89B1E766C0D00B92597 /* QRCodeRead.wav */; };
		FA860A131E519A7A0084A025 /* YJAlamafireHelper.swift in Sources */ = {isa = PBXBuildFile; fileRef = FA860A121E519A7A0084A025 /* YJAlamafireHelper.swift */; };
		FA860A161E51A8DB0084A025 /* Alamofire.framework in Frameworks */ = {isa = PBXBuildFile; fileRef = FA860A151E51A8DB0084A025 /* Alamofire.framework */; };
		FADDCA561E724B9A0075492D /* CommonTestViewController.swift in Sources */ = {isa = PBXBuildFile; fileRef = FADDCA551E724B9A0075492D /* CommonTestViewController.swift */; };
		FADDCA581E7287700075492D /* PublicMethod.swift in Sources */ = {isa = PBXBuildFile; fileRef = FADDCA571E7287700075492D /* PublicMethod.swift */; };
		FAE61D4B1E76312C00C8C4AE /* QRCodeViewController.swift in Sources */ = {isa = PBXBuildFile; fileRef = FAE61D4A1E76312C00C8C4AE /* QRCodeViewController.swift */; };
		FAE61D4D1E7634E200C8C4AE /* QRCodeGenerateViewController.swift in Sources */ = {isa = PBXBuildFile; fileRef = FAE61D4C1E7634E200C8C4AE /* QRCodeGenerateViewController.swift */; };
		FAE61D4F1E7634F000C8C4AE /* QRCodeScanViewController.swift in Sources */ = {isa = PBXBuildFile; fileRef = FAE61D4E1E7634F000C8C4AE /* QRCodeScanViewController.swift */; };
		FAE61D581E763B2C00C8C4AE /* UIImageExtension.swift in Sources */ = {isa = PBXBuildFile; fileRef = FAE61D571E763B2C00C8C4AE /* UIImageExtension.swift */; };
/* End PBXBuildFile section */

/* Begin PBXContainerItemProxy section */
		FA3F271D1E4C32B700CAA270 /* PBXContainerItemProxy */ = {
			isa = PBXContainerItemProxy;
			containerPortal = FA3F27001E4C32B700CAA270 /* Project object */;
			proxyType = 1;
			remoteGlobalIDString = FA3F27071E4C32B700CAA270;
			remoteInfo = TestSwift;
		};
/* End PBXContainerItemProxy section */

/* Begin PBXFileReference section */
		0E693CECE1112068234B7447 /* Pods-TestSwift.release.xcconfig */ = {isa = PBXFileReference; includeInIndex = 1; lastKnownFileType = text.xcconfig; name = "Pods-TestSwift.release.xcconfig"; path = "Pods/Target Support Files/Pods-TestSwift/Pods-TestSwift.release.xcconfig"; sourceTree = "<group>"; };
		49C18F83CD4971C56C3A3F50 /* Pods_TestSwift.framework */ = {isa = PBXFileReference; explicitFileType = wrapper.framework; includeInIndex = 0; path = Pods_TestSwift.framework; sourceTree = BUILT_PRODUCTS_DIR; };
		9596105D0566442E5C180B7E /* Pods-TestSwift.debug.xcconfig */ = {isa = PBXFileReference; includeInIndex = 1; lastKnownFileType = text.xcconfig; name = "Pods-TestSwift.debug.xcconfig"; path = "Pods/Target Support Files/Pods-TestSwift/Pods-TestSwift.debug.xcconfig"; sourceTree = "<group>"; };
		FA32A4001E80F64100171770 /* UDPClientViewController.swift */ = {isa = PBXFileReference; fileEncoding = 4; lastKnownFileType = sourcecode.swift; path = UDPClientViewController.swift; sourceTree = "<group>"; };
		FA32A4021E8102DD00171770 /* test.jpeg */ = {isa = PBXFileReference; lastKnownFileType = image.jpeg; path = test.jpeg; sourceTree = "<group>"; };
		FA32A4081E82149800171770 /* 8k.png */ = {isa = PBXFileReference; lastKnownFileType = image.png; path = 8k.png; sourceTree = "<group>"; };
		FA32A40A1E8214A700171770 /* 35k.png */ = {isa = PBXFileReference; lastKnownFileType = image.png; path = 35k.png; sourceTree = "<group>"; };
		FA32A40D1E821D4A00171770 /* SnapKitViewController.swift */ = {isa = PBXFileReference; fileEncoding = 4; lastKnownFileType = sourcecode.swift; path = SnapKitViewController.swift; sourceTree = "<group>"; };
		FA32A40F1E82224400171770 /* SnapDetailViewController.swift */ = {isa = PBXFileReference; fileEncoding = 4; lastKnownFileType = sourcecode.swift; path = SnapDetailViewController.swift; sourceTree = "<group>"; };
		FA3F27081E4C32B700CAA270 /* TestSwift.app */ = {isa = PBXFileReference; explicitFileType = wrapper.application; includeInIndex = 0; path = TestSwift.app; sourceTree = BUILT_PRODUCTS_DIR; };
		FA3F270B1E4C32B700CAA270 /* AppDelegate.swift */ = {isa = PBXFileReference; lastKnownFileType = sourcecode.swift; path = AppDelegate.swift; sourceTree = "<group>"; };
		FA3F270D1E4C32B700CAA270 /* ViewController.swift */ = {isa = PBXFileReference; lastKnownFileType = sourcecode.swift; path = ViewController.swift; sourceTree = "<group>"; };
		FA3F27101E4C32B700CAA270 /* Base */ = {isa = PBXFileReference; lastKnownFileType = file.storyboard; name = Base; path = Base.lproj/Main.storyboard; sourceTree = "<group>"; };
		FA3F27121E4C32B700CAA270 /* Assets.xcassets */ = {isa = PBXFileReference; lastKnownFileType = folder.assetcatalog; path = Assets.xcassets; sourceTree = "<group>"; };
		FA3F27151E4C32B700CAA270 /* Base */ = {isa = PBXFileReference; lastKnownFileType = file.storyboard; name = Base; path = Base.lproj/LaunchScreen.storyboard; sourceTree = "<group>"; };
		FA3F27171E4C32B700CAA270 /* Info.plist */ = {isa = PBXFileReference; lastKnownFileType = text.plist.xml; path = Info.plist; sourceTree = "<group>"; };
		FA3F271C1E4C32B700CAA270 /* TestSwiftUITests.xctest */ = {isa = PBXFileReference; explicitFileType = wrapper.cfbundle; includeInIndex = 0; path = TestSwiftUITests.xctest; sourceTree = BUILT_PRODUCTS_DIR; };
		FA3F27201E4C32B700CAA270 /* TestSwiftUITests.swift */ = {isa = PBXFileReference; lastKnownFileType = sourcecode.swift; path = TestSwiftUITests.swift; sourceTree = "<group>"; };
		FA3F27221E4C32B700CAA270 /* Info.plist */ = {isa = PBXFileReference; lastKnownFileType = text.plist.xml; path = Info.plist; sourceTree = "<group>"; };
		FA3F27351E4C443B00CAA270 /* TestSwift-Bridging-Header.h */ = {isa = PBXFileReference; lastKnownFileType = sourcecode.c.h; path = "TestSwift-Bridging-Header.h"; sourceTree = "<group>"; };
		FA3F27391E4C584900CAA270 /* MyLeftMenuViewController.swift */ = {isa = PBXFileReference; fileEncoding = 4; lastKnownFileType = sourcecode.swift; name = MyLeftMenuViewController.swift; path = ../MyLeftMenuViewController.swift; sourceTree = "<group>"; };
		FA3F273B1E4C588500CAA270 /* MyRightMenuViewController.swift */ = {isa = PBXFileReference; fileEncoding = 4; lastKnownFileType = sourcecode.swift; path = MyRightMenuViewController.swift; sourceTree = "<group>"; };
		FA3F273F1E4C58F400CAA270 /* Constant.swift */ = {isa = PBXFileReference; fileEncoding = 4; lastKnownFileType = sourcecode.swift; path = Constant.swift; sourceTree = "<group>"; };
		FA3F27431E4C591700CAA270 /* PoPMenuViewController.swift */ = {isa = PBXFileReference; fileEncoding = 4; lastKnownFileType = sourcecode.swift; path = PoPMenuViewController.swift; sourceTree = "<group>"; };
		FA3F27451E4C592700CAA270 /* CGContextView.swift */ = {isa = PBXFileReference; fileEncoding = 4; lastKnownFileType = sourcecode.swift; path = CGContextView.swift; sourceTree = "<group>"; };
		FA3F27461E4C592700CAA270 /* CGContextVC.swift */ = {isa = PBXFileReference; fileEncoding = 4; lastKnownFileType = sourcecode.swift; path = CGContextVC.swift; sourceTree = "<group>"; };
		FA3F27491E4C593700CAA270 /* AnimationTextVC.swift */ = {isa = PBXFileReference; fileEncoding = 4; lastKnownFileType = sourcecode.swift; path = AnimationTextVC.swift; sourceTree = "<group>"; };
		FA3F274B1E4C594200CAA270 /* GifView.h */ = {isa = PBXFileReference; fileEncoding = 4; lastKnownFileType = sourcecode.c.h; path = GifView.h; sourceTree = "<group>"; };
		FA3F274C1E4C594200CAA270 /* GifView.m */ = {isa = PBXFileReference; fileEncoding = 4; lastKnownFileType = sourcecode.c.objc; path = GifView.m; sourceTree = "<group>"; };
		FA3F274D1E4C594200CAA270 /* 1533461388039947.gif */ = {isa = PBXFileReference; lastKnownFileType = image.gif; path = 1533461388039947.gif; sourceTree = "<group>"; };
		FA3F274E1E4C594200CAA270 /* PlayGifVC.swift */ = {isa = PBXFileReference; fileEncoding = 4; lastKnownFileType = sourcecode.swift; path = PlayGifVC.swift; sourceTree = "<group>"; };
		FA3F27521E4C594900CAA270 /* CycleBannerViewController.swift */ = {isa = PBXFileReference; fileEncoding = 4; lastKnownFileType = sourcecode.swift; path = CycleBannerViewController.swift; sourceTree = "<group>"; };
		FA3F27541E4C595300CAA270 /* PictureBrowsingViewController.swift */ = {isa = PBXFileReference; fileEncoding = 4; lastKnownFileType = sourcecode.swift; path = PictureBrowsingViewController.swift; sourceTree = "<group>"; };
		FA3F27561E4C595A00CAA270 /* CornerRadiusViewController.swift */ = {isa = PBXFileReference; fileEncoding = 4; lastKnownFileType = sourcecode.swift; path = CornerRadiusViewController.swift; sourceTree = "<group>"; };
		FA3F27591E4C59A100CAA270 /* DYMainViewController.swift */ = {isa = PBXFileReference; fileEncoding = 4; lastKnownFileType = sourcecode.swift; path = DYMainViewController.swift; sourceTree = "<group>"; };
		FA3F275A1E4C59A100CAA270 /* DYDefine.swift */ = {isa = PBXFileReference; fileEncoding = 4; lastKnownFileType = sourcecode.swift; path = DYDefine.swift; sourceTree = "<group>"; };
		FA3F275E1E4C59F200CAA270 /* DYHomeViewController.swift */ = {isa = PBXFileReference; fileEncoding = 4; lastKnownFileType = sourcecode.swift; path = DYHomeViewController.swift; sourceTree = "<group>"; };
		FA3F27611E4C641500CAA270 /* HZPhotoBrowser.h */ = {isa = PBXFileReference; fileEncoding = 4; lastKnownFileType = sourcecode.c.h; path = HZPhotoBrowser.h; sourceTree = "<group>"; };
		FA3F27621E4C641500CAA270 /* HZPhotoBrowser.m */ = {isa = PBXFileReference; fileEncoding = 4; lastKnownFileType = sourcecode.c.objc; path = HZPhotoBrowser.m; sourceTree = "<group>"; };
		FA3F27631E4C641500CAA270 /* HZPhotoBrowserConfig.h */ = {isa = PBXFileReference; fileEncoding = 4; lastKnownFileType = sourcecode.c.h; path = HZPhotoBrowserConfig.h; sourceTree = "<group>"; };
		FA3F27641E4C641500CAA270 /* HZPhotoBrowserView.h */ = {isa = PBXFileReference; fileEncoding = 4; lastKnownFileType = sourcecode.c.h; path = HZPhotoBrowserView.h; sourceTree = "<group>"; };
		FA3F27651E4C641500CAA270 /* HZPhotoBrowserView.m */ = {isa = PBXFileReference; fileEncoding = 4; lastKnownFileType = sourcecode.c.objc; path = HZPhotoBrowserView.m; sourceTree = "<group>"; };
		FA3F27661E4C641500CAA270 /* HZPhotoGroup.h */ = {isa = PBXFileReference; fileEncoding = 4; lastKnownFileType = sourcecode.c.h; path = HZPhotoGroup.h; sourceTree = "<group>"; };
		FA3F27671E4C641500CAA270 /* HZPhotoGroup.m */ = {isa = PBXFileReference; fileEncoding = 4; lastKnownFileType = sourcecode.c.objc; path = HZPhotoGroup.m; sourceTree = "<group>"; };
		FA3F27681E4C641500CAA270 /* HZPhotoItem.h */ = {isa = PBXFileReference; fileEncoding = 4; lastKnownFileType = sourcecode.c.h; path = HZPhotoItem.h; sourceTree = "<group>"; };
		FA3F27691E4C641500CAA270 /* HZPhotoItem.m */ = {isa = PBXFileReference; fileEncoding = 4; lastKnownFileType = sourcecode.c.objc; path = HZPhotoItem.m; sourceTree = "<group>"; };
		FA3F276A1E4C641500CAA270 /* HZWaitingView.h */ = {isa = PBXFileReference; fileEncoding = 4; lastKnownFileType = sourcecode.c.h; path = HZWaitingView.h; sourceTree = "<group>"; };
		FA3F276B1E4C641500CAA270 /* HZWaitingView.m */ = {isa = PBXFileReference; fileEncoding = 4; lastKnownFileType = sourcecode.c.objc; path = HZWaitingView.m; sourceTree = "<group>"; };
		FA3F276C1E4C641500CAA270 /* whiteplaceholder.png */ = {isa = PBXFileReference; lastKnownFileType = image.png; path = whiteplaceholder.png; sourceTree = "<group>"; };
		FA3F27741E4C644B00CAA270 /* BSCycleTextView.h */ = {isa = PBXFileReference; fileEncoding = 4; lastKnownFileType = sourcecode.c.h; path = BSCycleTextView.h; sourceTree = "<group>"; };
		FA3F27751E4C644B00CAA270 /* BSCycleTextView.m */ = {isa = PBXFileReference; fileEncoding = 4; lastKnownFileType = sourcecode.c.objc; path = BSCycleTextView.m; sourceTree = "<group>"; };
		FA3F27761E4C644B00CAA270 /* NSString+BSExt.h */ = {isa = PBXFileReference; fileEncoding = 4; lastKnownFileType = sourcecode.c.h; path = "NSString+BSExt.h"; sourceTree = "<group>"; };
		FA3F27771E4C644B00CAA270 /* NSString+BSExt.m */ = {isa = PBXFileReference; fileEncoding = 4; lastKnownFileType = sourcecode.c.objc; path = "NSString+BSExt.m"; sourceTree = "<group>"; };
		FA55EEC11E76863700684131 /* QRCodeShowInfoView.swift */ = {isa = PBXFileReference; fileEncoding = 4; lastKnownFileType = sourcecode.swift; name = QRCodeShowInfoView.swift; path = Rescorces/QRCodeShowInfoView.swift; sourceTree = "<group>"; };
		FA55EEC31E76887900684131 /* UIColorExtension.swift */ = {isa = PBXFileReference; fileEncoding = 4; lastKnownFileType = sourcecode.swift; path = UIColorExtension.swift; sourceTree = "<group>"; };
		FA6327101E6FB1FA009F1CE7 /* ScrollViewController.swift */ = {isa = PBXFileReference; fileEncoding = 4; lastKnownFileType = sourcecode.swift; path = ScrollViewController.swift; sourceTree = "<group>"; };
		FA6EF8941E766C0400B92597 /* Icon_SaoLine@2x.png */ = {isa = PBXFileReference; lastKnownFileType = image.png; path = "Icon_SaoLine@2x.png"; sourceTree = "<group>"; };
		FA6EF8951E766C0400B92597 /* Icon_SaoLineOn@2x.png */ = {isa = PBXFileReference; lastKnownFileType = image.png; path = "Icon_SaoLineOn@2x.png"; sourceTree = "<group>"; };
		FA6EF8961E766C0400B92597 /* Icon_SaoYiSao@2x.png */ = {isa = PBXFileReference; lastKnownFileType = image.png; path = "Icon_SaoYiSao@2x.png"; sourceTree = "<group>"; };
		FA6EF89B1E766C0D00B92597 /* QRCodeRead.wav */ = {isa = PBXFileReference; lastKnownFileType = audio.wav; path = QRCodeRead.wav; sourceTree = "<group>"; };
		FA860A121E519A7A0084A025 /* YJAlamafireHelper.swift */ = {isa = PBXFileReference; fileEncoding = 4; lastKnownFileType = sourcecode.swift; path = YJAlamafireHelper.swift; sourceTree = "<group>"; };
		FA860A151E51A8DB0084A025 /* Alamofire.framework */ = {isa = PBXFileReference; lastKnownFileType = wrapper.framework; name = Alamofire.framework; path = "../../../../../Library/Developer/Xcode/DerivedData/TestSwift-axvnupztigjzrvderfqlhtuemajz/Build/Products/Debug-iphonesimulator/Alamofire/Alamofire.framework"; sourceTree = "<group>"; };
		FADDCA551E724B9A0075492D /* CommonTestViewController.swift */ = {isa = PBXFileReference; fileEncoding = 4; lastKnownFileType = sourcecode.swift; path = CommonTestViewController.swift; sourceTree = "<group>"; };
		FADDCA571E7287700075492D /* PublicMethod.swift */ = {isa = PBXFileReference; fileEncoding = 4; lastKnownFileType = sourcecode.swift; path = PublicMethod.swift; sourceTree = "<group>"; };
		FAE61D4A1E76312C00C8C4AE /* QRCodeViewController.swift */ = {isa = PBXFileReference; fileEncoding = 4; lastKnownFileType = sourcecode.swift; path = QRCodeViewController.swift; sourceTree = "<group>"; };
		FAE61D4C1E7634E200C8C4AE /* QRCodeGenerateViewController.swift */ = {isa = PBXFileReference; fileEncoding = 4; lastKnownFileType = sourcecode.swift; path = QRCodeGenerateViewController.swift; sourceTree = "<group>"; };
		FAE61D4E1E7634F000C8C4AE /* QRCodeScanViewController.swift */ = {isa = PBXFileReference; fileEncoding = 4; lastKnownFileType = sourcecode.swift; path = QRCodeScanViewController.swift; sourceTree = "<group>"; };
		FAE61D571E763B2C00C8C4AE /* UIImageExtension.swift */ = {isa = PBXFileReference; fileEncoding = 4; lastKnownFileType = sourcecode.swift; path = UIImageExtension.swift; sourceTree = "<group>"; };
/* End PBXFileReference section */

/* Begin PBXFrameworksBuildPhase section */
		FA3F27051E4C32B700CAA270 /* Frameworks */ = {
			isa = PBXFrameworksBuildPhase;
			buildActionMask = 2147483647;
			files = (
				FA860A161E51A8DB0084A025 /* Alamofire.framework in Frameworks */,
				8F2E8261E422EEBF2BC125D6 /* Pods_TestSwift.framework in Frameworks */,
			);
			runOnlyForDeploymentPostprocessing = 0;
		};
		FA3F27191E4C32B700CAA270 /* Frameworks */ = {
			isa = PBXFrameworksBuildPhase;
			buildActionMask = 2147483647;
			files = (
			);
			runOnlyForDeploymentPostprocessing = 0;
		};
/* End PBXFrameworksBuildPhase section */

/* Begin PBXGroup section */
		A288A701D673BEBC08D0A1C8 /* Frameworks */ = {
			isa = PBXGroup;
			children = (
				FA860A151E51A8DB0084A025 /* Alamofire.framework */,
				49C18F83CD4971C56C3A3F50 /* Pods_TestSwift.framework */,
			);
			name = Frameworks;
			sourceTree = "<group>";
		};
		AA340946A6AE46E903CC041E /* Pods */ = {
			isa = PBXGroup;
			children = (
				9596105D0566442E5C180B7E /* Pods-TestSwift.debug.xcconfig */,
				0E693CECE1112068234B7447 /* Pods-TestSwift.release.xcconfig */,
			);
			name = Pods;
			sourceTree = "<group>";
		};
		FA32A3FB1E80B72900171770 /* UDP 发图片 */ = {
			isa = PBXGroup;
			children = (
				FA32A40A1E8214A700171770 /* 35k.png */,
				FA32A4081E82149800171770 /* 8k.png */,
				FA32A4021E8102DD00171770 /* test.jpeg */,
				FA32A4001E80F64100171770 /* UDPClientViewController.swift */,
			);
			name = "UDP 发图片";
			path = CocoaAsyncSocket;
			sourceTree = "<group>";
		};
		FA32A40C1E821D2700171770 /* SnapKit布局 */ = {
			isa = PBXGroup;
			children = (
				FA32A40D1E821D4A00171770 /* SnapKitViewController.swift */,
				FA32A40F1E82224400171770 /* SnapDetailViewController.swift */,
			);
			path = "SnapKit布局";
			sourceTree = "<group>";
		};
		FA3F26FF1E4C32B700CAA270 = {
			isa = PBXGroup;
			children = (
				FA3F270A1E4C32B700CAA270 /* TestSwift */,
				FA3F271F1E4C32B700CAA270 /* TestSwiftUITests */,
				FA3F27091E4C32B700CAA270 /* Products */,
				AA340946A6AE46E903CC041E /* Pods */,
				A288A701D673BEBC08D0A1C8 /* Frameworks */,
			);
			sourceTree = "<group>";
		};
		FA3F27091E4C32B700CAA270 /* Products */ = {
			isa = PBXGroup;
			children = (
				FA3F27081E4C32B700CAA270 /* TestSwift.app */,
				FA3F271C1E4C32B700CAA270 /* TestSwiftUITests.xctest */,
			);
			name = Products;
			sourceTree = "<group>";
		};
		FA3F270A1E4C32B700CAA270 /* TestSwift */ = {
			isa = PBXGroup;
			children = (
				FA32A40C1E821D2700171770 /* SnapKit布局 */,
				FA32A3FB1E80B72900171770 /* UDP 发图片 */,
				FAE61D491E76310900C8C4AE /* 二维码 */,
				FADDCA541E724B740075492D /* 通用测试页面 */,
				FA63270F1E6FB1B3009F1CE7 /* 侧边固定滑动 */,
				FA3F27321E4C3D0C00CAA270 /* Common */,
				FA3F27581E4C597F00CAA270 /* 仿斗鱼 */,
				FA3F27331E4C3D2100CAA270 /* Main */,
				FA3F27311E4C3CF700CAA270 /* PopView－边角弹出箭头框 */,
				FA3F27301E4C3CE600CAA270 /* CGContext－直线、虚线、圆 */,
				FA3F272F1E4C3CD900CAA270 /* Label文字跑马灯 */,
				FA3F272E1E4C3CCB00CAA270 /* 播放Gif */,
				FA3F272D1E4C3CBD00CAA270 /* 轮播 */,
				FA3F272C1E4C3CA400CAA270 /* 图片浏览器 */,
				FA3F272B1E4C3C9100CAA270 /* 圆角与裁剪 */,
				FA3F270B1E4C32B700CAA270 /* AppDelegate.swift */,
				FA3F270D1E4C32B700CAA270 /* ViewController.swift */,
				FA3F273F1E4C58F400CAA270 /* Constant.swift */,
				FA3F270F1E4C32B700CAA270 /* Main.storyboard */,
				FA3F27121E4C32B700CAA270 /* Assets.xcassets */,
				FA3F27141E4C32B700CAA270 /* LaunchScreen.storyboard */,
				FA3F27171E4C32B700CAA270 /* Info.plist */,
				FA3F27351E4C443B00CAA270 /* TestSwift-Bridging-Header.h */,
			);
			path = TestSwift;
			sourceTree = "<group>";
		};
		FA3F271F1E4C32B700CAA270 /* TestSwiftUITests */ = {
			isa = PBXGroup;
			children = (
				FA3F27201E4C32B700CAA270 /* TestSwiftUITests.swift */,
				FA3F27221E4C32B700CAA270 /* Info.plist */,
			);
			path = TestSwiftUITests;
			sourceTree = "<group>";
		};
		FA3F272B1E4C3C9100CAA270 /* 圆角与裁剪 */ = {
			isa = PBXGroup;
			children = (
				FA3F27561E4C595A00CAA270 /* CornerRadiusViewController.swift */,
			);
			path = "圆角与裁剪";
			sourceTree = "<group>";
		};
		FA3F272C1E4C3CA400CAA270 /* 图片浏览器 */ = {
			isa = PBXGroup;
			children = (
				FA3F27601E4C641500CAA270 /* ptotoBrowser */,
				FA3F27541E4C595300CAA270 /* PictureBrowsingViewController.swift */,
			);
			path = "图片浏览器";
			sourceTree = "<group>";
		};
		FA3F272D1E4C3CBD00CAA270 /* 轮播 */ = {
			isa = PBXGroup;
			children = (
				FA3F27521E4C594900CAA270 /* CycleBannerViewController.swift */,
			);
			path = "轮播";
			sourceTree = "<group>";
		};
		FA3F272E1E4C3CCB00CAA270 /* 播放Gif */ = {
			isa = PBXGroup;
			children = (
				FA3F274B1E4C594200CAA270 /* GifView.h */,
				FA3F274C1E4C594200CAA270 /* GifView.m */,
				FA3F274D1E4C594200CAA270 /* 1533461388039947.gif */,
				FA3F274E1E4C594200CAA270 /* PlayGifVC.swift */,
			);
			path = "播放Gif";
			sourceTree = "<group>";
		};
		FA3F272F1E4C3CD900CAA270 /* Label文字跑马灯 */ = {
			isa = PBXGroup;
			children = (
				FA3F27731E4C644B00CAA270 /* BSCycleTextView */,
				FA3F27491E4C593700CAA270 /* AnimationTextVC.swift */,
			);
			path = "Label文字跑马灯";
			sourceTree = "<group>";
		};
		FA3F27301E4C3CE600CAA270 /* CGContext－直线、虚线、圆 */ = {
			isa = PBXGroup;
			children = (
				FA3F27451E4C592700CAA270 /* CGContextView.swift */,
				FA3F27461E4C592700CAA270 /* CGContextVC.swift */,
			);
			path = "CGContext－直线、虚线、圆";
			sourceTree = "<group>";
		};
		FA3F27311E4C3CF700CAA270 /* PopView－边角弹出箭头框 */ = {
			isa = PBXGroup;
			children = (
				FA3F27431E4C591700CAA270 /* PoPMenuViewController.swift */,
			);
			path = "PopView－边角弹出箭头框";
			sourceTree = "<group>";
		};
		FA3F27321E4C3D0C00CAA270 /* Common */ = {
			isa = PBXGroup;
			children = (
				FA860A121E519A7A0084A025 /* YJAlamafireHelper.swift */,
				FADDCA571E7287700075492D /* PublicMethod.swift */,
				FAE61D571E763B2C00C8C4AE /* UIImageExtension.swift */,
				FA55EEC31E76887900684131 /* UIColorExtension.swift */,
			);
			path = Common;
			sourceTree = "<group>";
		};
		FA3F27331E4C3D2100CAA270 /* Main */ = {
			isa = PBXGroup;
			children = (
				FA3F27341E4C3D4000CAA270 /* 侧边栏 */,
			);
			path = Main;
			sourceTree = "<group>";
		};
		FA3F27341E4C3D4000CAA270 /* 侧边栏 */ = {
			isa = PBXGroup;
			children = (
				FA3F273B1E4C588500CAA270 /* MyRightMenuViewController.swift */,
				FA3F27391E4C584900CAA270 /* MyLeftMenuViewController.swift */,
			);
			path = "侧边栏";
			sourceTree = "<group>";
		};
		FA3F27581E4C597F00CAA270 /* 仿斗鱼 */ = {
			isa = PBXGroup;
			children = (
				FA3F275D1E4C59B000CAA270 /* 首页 */,
				FA3F27591E4C59A100CAA270 /* DYMainViewController.swift */,
				FA3F275A1E4C59A100CAA270 /* DYDefine.swift */,
			);
			path = "仿斗鱼";
			sourceTree = "<group>";
		};
		FA3F275D1E4C59B000CAA270 /* 首页 */ = {
			isa = PBXGroup;
			children = (
				FA3F275E1E4C59F200CAA270 /* DYHomeViewController.swift */,
			);
			name = "首页";
			sourceTree = "<group>";
		};
		FA3F27601E4C641500CAA270 /* ptotoBrowser */ = {
			isa = PBXGroup;
			children = (
				FA3F27611E4C641500CAA270 /* HZPhotoBrowser.h */,
				FA3F27621E4C641500CAA270 /* HZPhotoBrowser.m */,
				FA3F27631E4C641500CAA270 /* HZPhotoBrowserConfig.h */,
				FA3F27641E4C641500CAA270 /* HZPhotoBrowserView.h */,
				FA3F27651E4C641500CAA270 /* HZPhotoBrowserView.m */,
				FA3F27661E4C641500CAA270 /* HZPhotoGroup.h */,
				FA3F27671E4C641500CAA270 /* HZPhotoGroup.m */,
				FA3F27681E4C641500CAA270 /* HZPhotoItem.h */,
				FA3F27691E4C641500CAA270 /* HZPhotoItem.m */,
				FA3F276A1E4C641500CAA270 /* HZWaitingView.h */,
				FA3F276B1E4C641500CAA270 /* HZWaitingView.m */,
				FA3F276C1E4C641500CAA270 /* whiteplaceholder.png */,
			);
			path = ptotoBrowser;
			sourceTree = "<group>";
		};
		FA3F27731E4C644B00CAA270 /* BSCycleTextView */ = {
			isa = PBXGroup;
			children = (
				FA3F27741E4C644B00CAA270 /* BSCycleTextView.h */,
				FA3F27751E4C644B00CAA270 /* BSCycleTextView.m */,
				FA3F27761E4C644B00CAA270 /* NSString+BSExt.h */,
				FA3F27771E4C644B00CAA270 /* NSString+BSExt.m */,
			);
			path = BSCycleTextView;
			sourceTree = "<group>";
		};
		FA63270F1E6FB1B3009F1CE7 /* 侧边固定滑动 */ = {
			isa = PBXGroup;
			children = (
				FA6327101E6FB1FA009F1CE7 /* ScrollViewController.swift */,
			);
			name = "侧边固定滑动";
			sourceTree = "<group>";
		};
		FA6EF8921E766C0400B92597 /* Rescorces */ = {
			isa = PBXGroup;
			children = (
				FA6EF89B1E766C0D00B92597 /* QRCodeRead.wav */,
				FA6EF8941E766C0400B92597 /* Icon_SaoLine@2x.png */,
				FA6EF8951E766C0400B92597 /* Icon_SaoLineOn@2x.png */,
				FA6EF8961E766C0400B92597 /* Icon_SaoYiSao@2x.png */,
			);
			path = Rescorces;
			sourceTree = "<group>";
		};
		FADDCA541E724B740075492D /* 通用测试页面 */ = {
			isa = PBXGroup;
			children = (
				FADDCA551E724B9A0075492D /* CommonTestViewController.swift */,
			);
			path = "通用测试页面";
			sourceTree = "<group>";
		};
		FAE61D491E76310900C8C4AE /* 二维码 */ = {
			isa = PBXGroup;
			children = (
				FA6EF8921E766C0400B92597 /* Rescorces */,
				FAE61D4A1E76312C00C8C4AE /* QRCodeViewController.swift */,
				FAE61D4C1E7634E200C8C4AE /* QRCodeGenerateViewController.swift */,
				FAE61D4E1E7634F000C8C4AE /* QRCodeScanViewController.swift */,
				FA55EEC11E76863700684131 /* QRCodeShowInfoView.swift */,
			);
			path = "二维码";
			sourceTree = "<group>";
		};
/* End PBXGroup section */

/* Begin PBXNativeTarget section */
		FA3F27071E4C32B700CAA270 /* TestSwift */ = {
			isa = PBXNativeTarget;
			buildConfigurationList = FA3F27251E4C32B700CAA270 /* Build configuration list for PBXNativeTarget "TestSwift" */;
			buildPhases = (
				8F53260DF2C580D84A7F1C7D /* [CP] Check Pods Manifest.lock */,
				FA3F27041E4C32B700CAA270 /* Sources */,
				FA3F27051E4C32B700CAA270 /* Frameworks */,
				FA3F27061E4C32B700CAA270 /* Resources */,
				0973581CF85B31E8560AD546 /* [CP] Embed Pods Frameworks */,
				3D9026CD4CA03F0D9BC4794B /* [CP] Copy Pods Resources */,
			);
			buildRules = (
			);
			dependencies = (
			);
			name = TestSwift;
			productName = TestSwift;
			productReference = FA3F27081E4C32B700CAA270 /* TestSwift.app */;
			productType = "com.apple.product-type.application";
		};
		FA3F271B1E4C32B700CAA270 /* TestSwiftUITests */ = {
			isa = PBXNativeTarget;
			buildConfigurationList = FA3F27281E4C32B700CAA270 /* Build configuration list for PBXNativeTarget "TestSwiftUITests" */;
			buildPhases = (
				FA3F27181E4C32B700CAA270 /* Sources */,
				FA3F27191E4C32B700CAA270 /* Frameworks */,
				FA3F271A1E4C32B700CAA270 /* Resources */,
			);
			buildRules = (
			);
			dependencies = (
				FA3F271E1E4C32B700CAA270 /* PBXTargetDependency */,
			);
			name = TestSwiftUITests;
			productName = TestSwiftUITests;
			productReference = FA3F271C1E4C32B700CAA270 /* TestSwiftUITests.xctest */;
			productType = "com.apple.product-type.bundle.ui-testing";
		};
/* End PBXNativeTarget section */

/* Begin PBXProject section */
		FA3F27001E4C32B700CAA270 /* Project object */ = {
			isa = PBXProject;
			attributes = {
				LastSwiftUpdateCheck = 0820;
				LastUpgradeCheck = 0820;
				ORGANIZATIONNAME = zyyj;
				TargetAttributes = {
					FA3F27071E4C32B700CAA270 = {
						CreatedOnToolsVersion = 8.2.1;
						DevelopmentTeam = G7KRDXK4J7;
						LastSwiftMigration = 0820;
						ProvisioningStyle = Automatic;
					};
					FA3F271B1E4C32B700CAA270 = {
						CreatedOnToolsVersion = 8.2.1;
						ProvisioningStyle = Automatic;
						TestTargetID = FA3F27071E4C32B700CAA270;
					};
				};
			};
			buildConfigurationList = FA3F27031E4C32B700CAA270 /* Build configuration list for PBXProject "TestSwift" */;
			compatibilityVersion = "Xcode 3.2";
			developmentRegion = English;
			hasScannedForEncodings = 0;
			knownRegions = (
				en,
				Base,
			);
			mainGroup = FA3F26FF1E4C32B700CAA270;
			productRefGroup = FA3F27091E4C32B700CAA270 /* Products */;
			projectDirPath = "";
			projectRoot = "";
			targets = (
				FA3F27071E4C32B700CAA270 /* TestSwift */,
				FA3F271B1E4C32B700CAA270 /* TestSwiftUITests */,
			);
		};
/* End PBXProject section */

/* Begin PBXResourcesBuildPhase section */
		FA3F27061E4C32B700CAA270 /* Resources */ = {
			isa = PBXResourcesBuildPhase;
			buildActionMask = 2147483647;
			files = (
				FA3F27161E4C32B700CAA270 /* LaunchScreen.storyboard in Resources */,
				FA3F27131E4C32B700CAA270 /* Assets.xcassets in Resources */,
				FA6EF8991E766C0400B92597 /* Icon_SaoLineOn@2x.png in Resources */,
				FA6EF8981E766C0400B92597 /* Icon_SaoLine@2x.png in Resources */,
				FA3F27721E4C641500CAA270 /* whiteplaceholder.png in Resources */,
				FA32A4091E82149800171770 /* 8k.png in Resources */,
				FA32A4031E8102DD00171770 /* test.jpeg in Resources */,
				FA3F27501E4C594200CAA270 /* 1533461388039947.gif in Resources */,
				FA6EF89C1E766C0D00B92597 /* QRCodeRead.wav in Resources */,
				FA3F27111E4C32B700CAA270 /* Main.storyboard in Resources */,
				FA32A40B1E8214A700171770 /* 35k.png in Resources */,
				FA6EF89A1E766C0400B92597 /* Icon_SaoYiSao@2x.png in Resources */,
			);
			runOnlyForDeploymentPostprocessing = 0;
		};
		FA3F271A1E4C32B700CAA270 /* Resources */ = {
			isa = PBXResourcesBuildPhase;
			buildActionMask = 2147483647;
			files = (
			);
			runOnlyForDeploymentPostprocessing = 0;
		};
/* End PBXResourcesBuildPhase section */

/* Begin PBXShellScriptBuildPhase section */
		0973581CF85B31E8560AD546 /* [CP] Embed Pods Frameworks */ = {
			isa = PBXShellScriptBuildPhase;
			buildActionMask = 2147483647;
			files = (
			);
			inputPaths = (
			);
			name = "[CP] Embed Pods Frameworks";
			outputPaths = (
			);
			runOnlyForDeploymentPostprocessing = 0;
			shellPath = /bin/sh;
			shellScript = "\"${SRCROOT}/Pods/Target Support Files/Pods-TestSwift/Pods-TestSwift-frameworks.sh\"\n";
			showEnvVarsInLog = 0;
		};
		3D9026CD4CA03F0D9BC4794B /* [CP] Copy Pods Resources */ = {
			isa = PBXShellScriptBuildPhase;
			buildActionMask = 2147483647;
			files = (
			);
			inputPaths = (
			);
			name = "[CP] Copy Pods Resources";
			outputPaths = (
			);
			runOnlyForDeploymentPostprocessing = 0;
			shellPath = /bin/sh;
			shellScript = "\"${SRCROOT}/Pods/Target Support Files/Pods-TestSwift/Pods-TestSwift-resources.sh\"\n";
			showEnvVarsInLog = 0;
		};
		8F53260DF2C580D84A7F1C7D /* [CP] Check Pods Manifest.lock */ = {
			isa = PBXShellScriptBuildPhase;
			buildActionMask = 2147483647;
			files = (
			);
			inputPaths = (
			);
			name = "[CP] Check Pods Manifest.lock";
			outputPaths = (
			);
			runOnlyForDeploymentPostprocessing = 0;
			shellPath = /bin/sh;
			shellScript = "diff \"${PODS_ROOT}/../Podfile.lock\" \"${PODS_ROOT}/Manifest.lock\" > /dev/null\nif [ $? != 0 ] ; then\n    # print error to STDERR\n    echo \"error: The sandbox is not in sync with the Podfile.lock. Run 'pod install' or update your CocoaPods installation.\" >&2\n    exit 1\nfi\n";
			showEnvVarsInLog = 0;
		};
/* End PBXShellScriptBuildPhase section */

/* Begin PBXSourcesBuildPhase section */
		FA3F27041E4C32B700CAA270 /* Sources */ = {
			isa = PBXSourcesBuildPhase;
			buildActionMask = 2147483647;
			files = (
				FA3F274A1E4C593700CAA270 /* AnimationTextVC.swift in Sources */,
				FA3F270E1E4C32B700CAA270 /* ViewController.swift in Sources */,
				FA3F27441E4C591700CAA270 /* PoPMenuViewController.swift in Sources */,
				FA32A40E1E821D4A00171770 /* SnapKitViewController.swift in Sources */,
				FA3F276D1E4C641500CAA270 /* HZPhotoBrowser.m in Sources */,
				FA3F27791E4C644B00CAA270 /* NSString+BSExt.m in Sources */,
				FA3F27701E4C641500CAA270 /* HZPhotoItem.m in Sources */,
				FA3F273A1E4C584900CAA270 /* MyLeftMenuViewController.swift in Sources */,
				FA6327111E6FB1FA009F1CE7 /* ScrollViewController.swift in Sources */,
				FA3F273D1E4C588500CAA270 /* MyRightMenuViewController.swift in Sources */,
				FA3F275C1E4C59A100CAA270 /* DYDefine.swift in Sources */,
				FAE61D4F1E7634F000C8C4AE /* QRCodeScanViewController.swift in Sources */,
				FA3F27531E4C594900CAA270 /* CycleBannerViewController.swift in Sources */,
				FA55EEC21E76863700684131 /* QRCodeShowInfoView.swift in Sources */,
				FA3F27571E4C595A00CAA270 /* CornerRadiusViewController.swift in Sources */,
				FA860A131E519A7A0084A025 /* YJAlamafireHelper.swift in Sources */,
				FAE61D4D1E7634E200C8C4AE /* QRCodeGenerateViewController.swift in Sources */,
				FAE61D581E763B2C00C8C4AE /* UIImageExtension.swift in Sources */,
				FA55EEC41E76887900684131 /* UIColorExtension.swift in Sources */,
				FAE61D4B1E76312C00C8C4AE /* QRCodeViewController.swift in Sources */,
				FA3F27711E4C641500CAA270 /* HZWaitingView.m in Sources */,
				FA3F27781E4C644B00CAA270 /* BSCycleTextView.m in Sources */,
				FADDCA561E724B9A0075492D /* CommonTestViewController.swift in Sources */,
				FA32A4011E80F64100171770 /* UDPClientViewController.swift in Sources */,
				FA3F274F1E4C594200CAA270 /* GifView.m in Sources */,
				FA3F275B1E4C59A100CAA270 /* DYMainViewController.swift in Sources */,
				FA3F27481E4C592700CAA270 /* CGContextVC.swift in Sources */,
				FA3F276F1E4C641500CAA270 /* HZPhotoGroup.m in Sources */,
				FA3F276E1E4C641500CAA270 /* HZPhotoBrowserView.m in Sources */,
				FADDCA581E7287700075492D /* PublicMethod.swift in Sources */,
				FA3F27471E4C592700CAA270 /* CGContextView.swift in Sources */,
				FA3F27511E4C594200CAA270 /* PlayGifVC.swift in Sources */,
				FA3F27551E4C595300CAA270 /* PictureBrowsingViewController.swift in Sources */,
				FA3F275F1E4C59F200CAA270 /* DYHomeViewController.swift in Sources */,
				FA3F270C1E4C32B700CAA270 /* AppDelegate.swift in Sources */,
				FA32A4101E82224400171770 /* SnapDetailViewController.swift in Sources */,
				FA3F27401E4C58F400CAA270 /* Constant.swift in Sources */,
			);
			runOnlyForDeploymentPostprocessing = 0;
		};
		FA3F27181E4C32B700CAA270 /* Sources */ = {
			isa = PBXSourcesBuildPhase;
			buildActionMask = 2147483647;
			files = (
				FA3F27211E4C32B700CAA270 /* TestSwiftUITests.swift in Sources */,
			);
			runOnlyForDeploymentPostprocessing = 0;
		};
/* End PBXSourcesBuildPhase section */

/* Begin PBXTargetDependency section */
		FA3F271E1E4C32B700CAA270 /* PBXTargetDependency */ = {
			isa = PBXTargetDependency;
			target = FA3F27071E4C32B700CAA270 /* TestSwift */;
			targetProxy = FA3F271D1E4C32B700CAA270 /* PBXContainerItemProxy */;
		};
/* End PBXTargetDependency section */

/* Begin PBXVariantGroup section */
		FA3F270F1E4C32B700CAA270 /* Main.storyboard */ = {
			isa = PBXVariantGroup;
			children = (
				FA3F27101E4C32B700CAA270 /* Base */,
			);
			name = Main.storyboard;
			sourceTree = "<group>";
		};
		FA3F27141E4C32B700CAA270 /* LaunchScreen.storyboard */ = {
			isa = PBXVariantGroup;
			children = (
				FA3F27151E4C32B700CAA270 /* Base */,
			);
			name = LaunchScreen.storyboard;
			sourceTree = "<group>";
		};
/* End PBXVariantGroup section */

/* Begin XCBuildConfiguration section */
		FA3F27231E4C32B700CAA270 /* Debug */ = {
			isa = XCBuildConfiguration;
			buildSettings = {
				ALWAYS_SEARCH_USER_PATHS = NO;
				CLANG_ANALYZER_NONNULL = YES;
				CLANG_CXX_LANGUAGE_STANDARD = "gnu++0x";
				CLANG_CXX_LIBRARY = "libc++";
				CLANG_ENABLE_MODULES = YES;
				CLANG_ENABLE_OBJC_ARC = YES;
				CLANG_WARN_BOOL_CONVERSION = YES;
				CLANG_WARN_CONSTANT_CONVERSION = YES;
				CLANG_WARN_DIRECT_OBJC_ISA_USAGE = YES_ERROR;
				CLANG_WARN_DOCUMENTATION_COMMENTS = YES;
				CLANG_WARN_EMPTY_BODY = YES;
				CLANG_WARN_ENUM_CONVERSION = YES;
				CLANG_WARN_INFINITE_RECURSION = YES;
				CLANG_WARN_INT_CONVERSION = YES;
				CLANG_WARN_OBJC_ROOT_CLASS = YES_ERROR;
				CLANG_WARN_SUSPICIOUS_MOVE = YES;
				CLANG_WARN_UNREACHABLE_CODE = YES;
				CLANG_WARN__DUPLICATE_METHOD_MATCH = YES;
				"CODE_SIGN_IDENTITY[sdk=iphoneos*]" = "iPhone Developer";
				COPY_PHASE_STRIP = NO;
				DEBUG_INFORMATION_FORMAT = dwarf;
				ENABLE_STRICT_OBJC_MSGSEND = YES;
				ENABLE_TESTABILITY = YES;
				GCC_C_LANGUAGE_STANDARD = gnu99;
				GCC_DYNAMIC_NO_PIC = NO;
				GCC_NO_COMMON_BLOCKS = YES;
				GCC_OPTIMIZATION_LEVEL = 0;
				GCC_PREPROCESSOR_DEFINITIONS = (
					"DEBUG=1",
					"$(inherited)",
				);
				GCC_WARN_64_TO_32_BIT_CONVERSION = YES;
				GCC_WARN_ABOUT_RETURN_TYPE = YES_ERROR;
				GCC_WARN_UNDECLARED_SELECTOR = YES;
				GCC_WARN_UNINITIALIZED_AUTOS = YES_AGGRESSIVE;
				GCC_WARN_UNUSED_FUNCTION = YES;
				GCC_WARN_UNUSED_VARIABLE = YES;
				IPHONEOS_DEPLOYMENT_TARGET = 10.2;
				MTL_ENABLE_DEBUG_INFO = YES;
				ONLY_ACTIVE_ARCH = YES;
				SDKROOT = iphoneos;
				SWIFT_ACTIVE_COMPILATION_CONDITIONS = DEBUG;
				SWIFT_OPTIMIZATION_LEVEL = "-Onone";
			};
			name = Debug;
		};
		FA3F27241E4C32B700CAA270 /* Release */ = {
			isa = XCBuildConfiguration;
			buildSettings = {
				ALWAYS_SEARCH_USER_PATHS = NO;
				CLANG_ANALYZER_NONNULL = YES;
				CLANG_CXX_LANGUAGE_STANDARD = "gnu++0x";
				CLANG_CXX_LIBRARY = "libc++";
				CLANG_ENABLE_MODULES = YES;
				CLANG_ENABLE_OBJC_ARC = YES;
				CLANG_WARN_BOOL_CONVERSION = YES;
				CLANG_WARN_CONSTANT_CONVERSION = YES;
				CLANG_WARN_DIRECT_OBJC_ISA_USAGE = YES_ERROR;
				CLANG_WARN_DOCUMENTATION_COMMENTS = YES;
				CLANG_WARN_EMPTY_BODY = YES;
				CLANG_WARN_ENUM_CONVERSION = YES;
				CLANG_WARN_INFINITE_RECURSION = YES;
				CLANG_WARN_INT_CONVERSION = YES;
				CLANG_WARN_OBJC_ROOT_CLASS = YES_ERROR;
				CLANG_WARN_SUSPICIOUS_MOVE = YES;
				CLANG_WARN_UNREACHABLE_CODE = YES;
				CLANG_WARN__DUPLICATE_METHOD_MATCH = YES;
				"CODE_SIGN_IDENTITY[sdk=iphoneos*]" = "iPhone Developer";
				COPY_PHASE_STRIP = NO;
				DEBUG_INFORMATION_FORMAT = "dwarf-with-dsym";
				ENABLE_NS_ASSERTIONS = NO;
				ENABLE_STRICT_OBJC_MSGSEND = YES;
				GCC_C_LANGUAGE_STANDARD = gnu99;
				GCC_NO_COMMON_BLOCKS = YES;
				GCC_WARN_64_TO_32_BIT_CONVERSION = YES;
				GCC_WARN_ABOUT_RETURN_TYPE = YES_ERROR;
				GCC_WARN_UNDECLARED_SELECTOR = YES;
				GCC_WARN_UNINITIALIZED_AUTOS = YES_AGGRESSIVE;
				GCC_WARN_UNUSED_FUNCTION = YES;
				GCC_WARN_UNUSED_VARIABLE = YES;
				IPHONEOS_DEPLOYMENT_TARGET = 10.2;
				MTL_ENABLE_DEBUG_INFO = NO;
				SDKROOT = iphoneos;
				SWIFT_OPTIMIZATION_LEVEL = "-Owholemodule";
				VALIDATE_PRODUCT = YES;
			};
			name = Release;
		};
		FA3F27261E4C32B700CAA270 /* Debug */ = {
			isa = XCBuildConfiguration;
			baseConfigurationReference = 9596105D0566442E5C180B7E /* Pods-TestSwift.debug.xcconfig */;
			buildSettings = {
				ASSETCATALOG_COMPILER_APPICON_NAME = AppIcon;
				CLANG_ENABLE_MODULES = YES;
				DEVELOPMENT_TEAM = G7KRDXK4J7;
				INFOPLIST_FILE = TestSwift/Info.plist;
				IPHONEOS_DEPLOYMENT_TARGET = 8.0;
				LD_RUNPATH_SEARCH_PATHS = "$(inherited) @executable_path/Frameworks";
				PRODUCT_BUNDLE_IDENTIFIER = www.zyyj.com.cn.TestSwift;
				PRODUCT_NAME = "$(TARGET_NAME)";
				SWIFT_OBJC_BRIDGING_HEADER = "TestSwift/TestSwift-Bridging-Header.h";
				SWIFT_OPTIMIZATION_LEVEL = "-Onone";
				SWIFT_VERSION = 3.0;
			};
			name = Debug;
		};
		FA3F27271E4C32B700CAA270 /* Release */ = {
			isa = XCBuildConfiguration;
			baseConfigurationReference = 0E693CECE1112068234B7447 /* Pods-TestSwift.release.xcconfig */;
			buildSettings = {
				ASSETCATALOG_COMPILER_APPICON_NAME = AppIcon;
				CLANG_ENABLE_MODULES = YES;
				DEVELOPMENT_TEAM = G7KRDXK4J7;
				INFOPLIST_FILE = TestSwift/Info.plist;
				IPHONEOS_DEPLOYMENT_TARGET = 8.0;
				LD_RUNPATH_SEARCH_PATHS = "$(inherited) @executable_path/Frameworks";
				PRODUCT_BUNDLE_IDENTIFIER = www.zyyj.com.cn.TestSwift;
				PRODUCT_NAME = "$(TARGET_NAME)";
				SWIFT_OBJC_BRIDGING_HEADER = "TestSwift/TestSwift-Bridging-Header.h";
				SWIFT_VERSION = 3.0;
			};
			name = Release;
		};
		FA3F27291E4C32B700CAA270 /* Debug */ = {
			isa = XCBuildConfiguration;
			buildSettings = {
				ALWAYS_EMBED_SWIFT_STANDARD_LIBRARIES = YES;
				INFOPLIST_FILE = TestSwiftUITests/Info.plist;
				LD_RUNPATH_SEARCH_PATHS = "$(inherited) @executable_path/Frameworks @loader_path/Frameworks";
				PRODUCT_BUNDLE_IDENTIFIER = www.zyyj.com.cn.TestSwiftUITests;
				PRODUCT_NAME = "$(TARGET_NAME)";
				SWIFT_VERSION = 3.0;
				TEST_TARGET_NAME = TestSwift;
			};
			name = Debug;
		};
		FA3F272A1E4C32B700CAA270 /* Release */ = {
			isa = XCBuildConfiguration;
			buildSettings = {
				ALWAYS_EMBED_SWIFT_STANDARD_LIBRARIES = YES;
				INFOPLIST_FILE = TestSwiftUITests/Info.plist;
				LD_RUNPATH_SEARCH_PATHS = "$(inherited) @executable_path/Frameworks @loader_path/Frameworks";
				PRODUCT_BUNDLE_IDENTIFIER = www.zyyj.com.cn.TestSwiftUITests;
				PRODUCT_NAME = "$(TARGET_NAME)";
				SWIFT_VERSION = 3.0;
				TEST_TARGET_NAME = TestSwift;
			};
			name = Release;
		};
/* End XCBuildConfiguration section */

/* Begin XCConfigurationList section */
		FA3F27031E4C32B700CAA270 /* Build configuration list for PBXProject "TestSwift" */ = {
			isa = XCConfigurationList;
			buildConfigurations = (
				FA3F27231E4C32B700CAA270 /* Debug */,
				FA3F27241E4C32B700CAA270 /* Release */,
			);
			defaultConfigurationIsVisible = 0;
			defaultConfigurationName = Release;
		};
		FA3F27251E4C32B700CAA270 /* Build configuration list for PBXNativeTarget "TestSwift" */ = {
			isa = XCConfigurationList;
			buildConfigurations = (
				FA3F27261E4C32B700CAA270 /* Debug */,
				FA3F27271E4C32B700CAA270 /* Release */,
			);
			defaultConfigurationIsVisible = 0;
			defaultConfigurationName = Release;
		};
		FA3F27281E4C32B700CAA270 /* Build configuration list for PBXNativeTarget "TestSwiftUITests" */ = {
			isa = XCConfigurationList;
			buildConfigurations = (
				FA3F27291E4C32B700CAA270 /* Debug */,
				FA3F272A1E4C32B700CAA270 /* Release */,
			);
			defaultConfigurationIsVisible = 0;
			defaultConfigurationName = Release;
		};
/* End XCConfigurationList section */
	};
	rootObject = FA3F27001E4C32B700CAA270 /* Project object */;
}
